
Microsoft Visual Studio Solution File, Format Version 12.00
# Visual Studio Version 16
VisualStudioVersion = 16.0.29102.190
MinimumVisualStudioVersion = 10.0.40219.1
Project("{FAE04EC0-301F-11D3-BF4B-00C04F79EFBC}") = "Question_4", "Question_4.csproj", "{56EAF723-15E9-4330-910E-D23871ECE5B6}"
EndProject
Global
	GlobalSection(SolutionConfigurationPlatforms) = preSolution
		Debug|Any CPU = Debug|Any CPU
		Release|Any CPU = Release|Any CPU
	EndGlobalSection
	GlobalSection(ProjectConfigurationPlatforms) = postSolution
		{56EAF723-15E9-4330-910E-D23871ECE5B6}.Debug|Any CPU.ActiveCfg = Debug|Any CPU
		{56EAF723-15E9-4330-910E-D23871ECE5B6}.Debug|Any CPU.Build.0 = Debug|Any CPU
		{56EAF723-15E9-4330-910E-D23871ECE5B6}.Release|Any CPU.ActiveCfg = Release|Any CPU
		{56EAF723-15E9-4330-910E-D23871ECE5B6}.Release|Any CPU.Build.0 = Release|Any CPU
	EndGlobalSection
	GlobalSection(SolutionProperties) = preSolution
		HideSolutionNode = FALSE
	EndGlobalSection
	GlobalSection(ExtensibilityGlobals) = postSolution
		SolutionGuid = {6A59A932-BCC9-4A92-B261-BD235ACF993F}
	EndGlobalSection
EndGlobal
