
Microsoft Visual Studio Solution File, Format Version 12.00
# Visual Studio Version 16
VisualStudioVersion = 16.0.31019.35
MinimumVisualStudioVersion = 10.0.40219.1
Project("{FAE04EC0-301F-11D3-BF4B-00C04F79EFBC}") = "Test2S3_Q3", "Test2S3_Q3\Test2S3_Q3.csproj", "{EB1068C2-E95E-432A-850B-98D95B8F8F05}"
EndProject
Global
	GlobalSection(SolutionConfigurationPlatforms) = preSolution
		Debug|Any CPU = Debug|Any CPU
		Release|Any CPU = Release|Any CPU
	EndGlobalSection
	GlobalSection(ProjectConfigurationPlatforms) = postSolution
		{EB1068C2-E95E-432A-850B-98D95B8F8F05}.Debug|Any CPU.ActiveCfg = Debug|Any CPU
		{EB1068C2-E95E-432A-850B-98D95B8F8F05}.Debug|Any CPU.Build.0 = Debug|Any CPU
		{EB1068C2-E95E-432A-850B-98D95B8F8F05}.Release|Any CPU.ActiveCfg = Release|Any CPU
		{EB1068C2-E95E-432A-850B-98D95B8F8F05}.Release|Any CPU.Build.0 = Release|Any CPU
	EndGlobalSection
	GlobalSection(SolutionProperties) = preSolution
		HideSolutionNode = FALSE
	EndGlobalSection
	GlobalSection(ExtensibilityGlobals) = postSolution
		SolutionGuid = {804F7B00-CE31-495C-8126-1C548ABB12F2}
	EndGlobalSection
EndGlobal
