
Microsoft Visual Studio Solution File, Format Version 12.00
# Visual Studio Version 16
VisualStudioVersion = 16.0.29102.190
MinimumVisualStudioVersion = 10.0.40219.1
Project("{FAE04EC0-301F-11D3-BF4B-00C04F79EFBC}") = "Exercice_1", "Exercice_1.csproj", "{09A36501-6065-4445-982B-5C5EE7199CA0}"
EndProject
Global
	GlobalSection(SolutionConfigurationPlatforms) = preSolution
		Debug|Any CPU = Debug|Any CPU
		Release|Any CPU = Release|Any CPU
	EndGlobalSection
	GlobalSection(ProjectConfigurationPlatforms) = postSolution
		{09A36501-6065-4445-982B-5C5EE7199CA0}.Debug|Any CPU.ActiveCfg = Debug|Any CPU
		{09A36501-6065-4445-982B-5C5EE7199CA0}.Debug|Any CPU.Build.0 = Debug|Any CPU
		{09A36501-6065-4445-982B-5C5EE7199CA0}.Release|Any CPU.ActiveCfg = Release|Any CPU
		{09A36501-6065-4445-982B-5C5EE7199CA0}.Release|Any CPU.Build.0 = Release|Any CPU
	EndGlobalSection
	GlobalSection(SolutionProperties) = preSolution
		HideSolutionNode = FALSE
	EndGlobalSection
	GlobalSection(ExtensibilityGlobals) = postSolution
		SolutionGuid = {B1AAEB45-26DA-4478-8D81-2C7DDB665C65}
	EndGlobalSection
EndGlobal
